
Microsoft Visual Studio Solution File, Format Version 12.00
# Visual Studio Version 17
VisualStudioVersion = 17.4.33103.184
MinimumVisualStudioVersion = 10.0.40219.1
Project("{FAE04EC0-301F-11D3-BF4B-00C04F79EFBC}") = "DPProxyProject", "DPProxyProject\DPProxyProject.csproj", "{52C960C9-8DB7-4945-8D15-356E84DB2A9D}"
EndProject
Global
	GlobalSection(SolutionConfigurationPlatforms) = preSolution
		Debug|Any CPU = Debug|Any CPU
		Release|Any CPU = Release|Any CPU
	EndGlobalSection
	GlobalSection(ProjectConfigurationPlatforms) = postSolution
		{52C960C9-8DB7-4945-8D15-356E84DB2A9D}.Debug|Any CPU.ActiveCfg = Debug|Any CPU
		{52C960C9-8DB7-4945-8D15-356E84DB2A9D}.Debug|Any CPU.Build.0 = Debug|Any CPU
		{52C960C9-8DB7-4945-8D15-356E84DB2A9D}.Release|Any CPU.ActiveCfg = Release|Any CPU
		{52C960C9-8DB7-4945-8D15-356E84DB2A9D}.Release|Any CPU.Build.0 = Release|Any CPU
	EndGlobalSection
	GlobalSection(SolutionProperties) = preSolution
		HideSolutionNode = FALSE
	EndGlobalSection
	GlobalSection(ExtensibilityGlobals) = postSolution
		SolutionGuid = {A9499DB7-2C3B-48A3-A475-0AB723DA7512}
	EndGlobalSection
EndGlobal
